<?xml version="1.0" encoding="utf-8"?>
<Project ToolsVersion="4.0" xmlns="http://schemas.microsoft.com/developer/msbuild/2003">
  <ItemGroup>
    <Filter Include="Kaynak Dosyalar">
      <UniqueIdentifier>{4FC737F1-C7A5-4376-A066-2A32D752A2FF}</UniqueIdentifier>
      <Extensions>cpp;c;cc;cxx;c++;cppm;ixx;def;odl;idl;hpj;bat;asm;asmx</Extensions>
    </Filter>
    <Filter Include="Üst Bilgi Dosyaları">
      <UniqueIdentifier>{93995380-89BD-4b04-88EB-625FBE52EBFB}</UniqueIdentifier>
      <Extensions>h;hh;hpp;hxx;h++;hm;inl;inc;ipp;xsd</Extensions>
    </Filter>
    <Filter Include="Kaynak Dosyaları">
      <UniqueIdentifier>{67DA6AB6-F800-4c08-8B7A-83BB121AAD01}</UniqueIdentifier>
      <Extensions>rc;ico;cur;bmp;dlg;rc2;rct;bin;rgs;gif;jpg;jpeg;jpe;resx;tiff;tif;png;wav;mfcribbon-ms</Extensions>
    </Filter>
    <Filter Include="Kaynak Dosyalar\simpleClasses">
      <UniqueIdentifier>{c1c681f1-e2b7-41d9-9ea2-0dbdc22e1a83}</UniqueIdentifier>
    </Filter>
    <Filter Include="Kaynak Dosyalar\Projects">
      <UniqueIdentifier>{27153faa-23db-4658-882b-dd66eaf1f5c1}</UniqueIdentifier>
    </Filter>
    <Filter Include="Kaynak Dosyalar\Projects\parkingFare">
      <UniqueIdentifier>{5ec4fee9-b842-4cc0-bb52-73810e459bc6}</UniqueIdentifier>
    </Filter>
    <Filter Include="Kaynak Dosyalar\Projects\polygon">
      <UniqueIdentifier>{e7025215-6afe-4558-8387-b909fa18901e}</UniqueIdentifier>
    </Filter>
    <Filter Include="Kaynak Dosyalar\Projects\rectangles">
      <UniqueIdentifier>{8a44294f-c470-4f0e-b315-109f0ad0e23e}</UniqueIdentifier>
    </Filter>
    <Filter Include="Kaynak Dosyalar\Projects\videoGames">
      <UniqueIdentifier>{2f21ae0b-f024-4023-8a24-6404e2da65da}</UniqueIdentifier>
    </Filter>
    <Filter Include="Kaynak Dosyalar\Polymorphism">
      <UniqueIdentifier>{50a03ea3-16d0-412d-b806-f9a7bfb1ed8b}</UniqueIdentifier>
    </Filter>
    <Filter Include="Kaynak Dosyalar\Basics">
      <UniqueIdentifier>{c777bf82-7311-4ee6-be57-9d1d7daeba27}</UniqueIdentifier>
    </Filter>
    <Filter Include="Kaynak Dosyalar\Inheritance">
      <UniqueIdentifier>{b83efa59-8d6b-4ce6-b844-52e030af183b}</UniqueIdentifier>
    </Filter>
    <Filter Include="Kaynak Dosyalar\Comprehensive-1">
      <UniqueIdentifier>{5970831b-8b22-4ccf-bb77-344cf60c1fc0}</UniqueIdentifier>
    </Filter>
    <Filter Include="Kaynak Dosyalar\Comprehensive-2">
      <UniqueIdentifier>{cf5b63cf-cd24-4f17-b6cf-a2b411399cf7}</UniqueIdentifier>
    </Filter>
    <Filter Include="Kaynak Dosyalar\Comprehensive-3">
      <UniqueIdentifier>{2ca66127-e117-46c1-80c2-e55fa2deb3dd}</UniqueIdentifier>
    </Filter>
    <Filter Include="Kaynak Dosyalar\Comprehensive-4">
      <UniqueIdentifier>{7459b761-a870-4781-b134-96d689bb7fa3}</UniqueIdentifier>
    </Filter>
  </ItemGroup>
  <ItemGroup>
    <ClCompile Include="rectangleArea.cpp">
      <Filter>Kaynak Dosyalar\Projects\rectangles</Filter>
    </ClCompile>
    <ClCompile Include="videogames.cpp">
      <Filter>Kaynak Dosyalar\Projects\videoGames</Filter>
    </ClCompile>
    <ClCompile Include="parkingFare.cpp">
      <Filter>Kaynak Dosyalar\Projects\parkingFare</Filter>
    </ClCompile>
    <ClCompile Include="polygon.cpp">
      <Filter>Kaynak Dosyalar\Projects\polygon</Filter>
    </ClCompile>
    <ClCompile Include="globalFriendFunction.cpp">
      <Filter>Kaynak Dosyalar\simpleClasses</Filter>
    </ClCompile>
    <ClCompile Include="twoClassFriendFunction.cpp">
      <Filter>Kaynak Dosyalar\simpleClasses</Filter>
    </ClCompile>
    <ClCompile Include="friendClass.cpp">
      <Filter>Kaynak Dosyalar\simpleClasses</Filter>
    </ClCompile>
    <ClCompile Include="shallowCopyConstructor.cpp">
      <Filter>Kaynak Dosyalar\simpleClasses</Filter>
    </ClCompile>
    <ClCompile Include="defaultCopyConstructor.cpp">
      <Filter>Kaynak Dosyalar\simpleClasses</Filter>
    </ClCompile>
    <ClCompile Include="deepCopyConstructor.cpp">
      <Filter>Kaynak Dosyalar\simpleClasses</Filter>
    </ClCompile>
    <ClCompile Include="CompoundExampleShallowCopy.cpp">
      <Filter>Kaynak Dosyalar\simpleClasses</Filter>
    </ClCompile>
    <ClCompile Include="deleteFree.cpp">
      <Filter>Kaynak Dosyalar\simpleClasses</Filter>
    </ClCompile>
    <ClCompile Include="CompoundExampleDeepCopy.cpp">
      <Filter>Kaynak Dosyalar\simpleClasses</Filter>
    </ClCompile>
    <ClCompile Include="cpp.cpp">
      <Filter>Kaynak Dosyalar\Projects</Filter>
    </ClCompile>
    <ClCompile Include="Node.cpp">
      <Filter>Kaynak Dosyalar\Projects</Filter>
    </ClCompile>
    <ClCompile Include="randomNumber.cpp">
      <Filter>Kaynak Dosyalar\Projects</Filter>
    </ClCompile>
    <ClCompile Include="functionOverloading.cpp">
      <Filter>Kaynak Dosyalar\Polymorphism</Filter>
    </ClCompile>
    <ClCompile Include="operatorOverloading.cpp">
      <Filter>Kaynak Dosyalar\Polymorphism</Filter>
    </ClCompile>
    <ClCompile Include="constKeyword.cpp">
      <Filter>Kaynak Dosyalar\simpleClasses</Filter>
    </ClCompile>
    <ClCompile Include="constMethods.cpp">
      <Filter>Kaynak Dosyalar\simpleClasses</Filter>
    </ClCompile>
    <ClCompile Include="operatorOverloading2.cpp">
      <Filter>Kaynak Dosyalar\Polymorphism</Filter>
    </ClCompile>
    <ClCompile Include="operatorOverloading3FriendFunction.cpp">
      <Filter>Kaynak Dosyalar\Polymorphism</Filter>
    </ClCompile>
    <ClCompile Include="cpparrays.cpp">
      <Filter>Kaynak Dosyalar\Basics</Filter>
    </ClCompile>
    <ClCompile Include="cppStrings.cpp">
      <Filter>Kaynak Dosyalar\Basics</Filter>
    </ClCompile>
    <ClCompile Include="keywordStatic.cpp">
      <Filter>Kaynak Dosyalar\Basics</Filter>
    </ClCompile>
    <ClCompile Include="cppPointers.cpp">
      <Filter>Kaynak Dosyalar\Basics</Filter>
    </ClCompile>
    <ClCompile Include="constructorsAndInheritance.cpp">
      <Filter>Kaynak Dosyalar\Inheritance</Filter>
    </ClCompile>
    <ClCompile Include="privateProtectedPublic.cpp">
      <Filter>Kaynak Dosyalar\Inheritance</Filter>
    </ClCompile>
    <ClCompile Include="inheritanceComposition.cpp">
      <Filter>Kaynak Dosyalar\Inheritance</Filter>
    </ClCompile>
    <ClCompile Include="cppFunctions.cpp">
      <Filter>Kaynak Dosyalar\Basics</Filter>
    </ClCompile>
    <ClCompile Include="cppReferences.cpp">
      <Filter>Kaynak Dosyalar\Basics</Filter>
    </ClCompile>
    <ClCompile Include="LinkedLists1.cpp">
      <Filter>Kaynak Dosyalar\Comprehensive-1</Filter>
    </ClCompile>
    <ClCompile Include="Lists.cpp">
      <Filter>Kaynak Dosyalar\Comprehensive-1</Filter>
    </ClCompile>
    <ClCompile Include="Stacks.cpp">
      <Filter>Kaynak Dosyalar\Comprehensive-1</Filter>
    </ClCompile>
    <ClCompile Include="Queues.cpp">
      <Filter>Kaynak Dosyalar\Comprehensive-1</Filter>
    </ClCompile>
    <ClCompile Include="Pairs.cpp">
      <Filter>Kaynak Dosyalar\Comprehensive-1</Filter>
    </ClCompile>
    <ClCompile Include="Deques.cpp">
      <Filter>Kaynak Dosyalar\Comprehensive-1</Filter>
    </ClCompile>
    <ClCompile Include="Trees.cpp">
      <Filter>Kaynak Dosyalar\Comprehensive-2</Filter>
    </ClCompile>
    <ClCompile Include="BinaryTrees.cpp">
      <Filter>Kaynak Dosyalar\Comprehensive-2</Filter>
    </ClCompile>
    <ClCompile Include="BinarySearchTrees.cpp">
      <Filter>Kaynak Dosyalar\Comprehensive-2</Filter>
    </ClCompile>
    <ClCompile Include="AVLTrees.cpp">
      <Filter>Kaynak Dosyalar\Comprehensive-2</Filter>
    </ClCompile>
    <ClCompile Include="RedBlackTrees.cpp">
      <Filter>Kaynak Dosyalar\Comprehensive-2</Filter>
    </ClCompile>
    <ClCompile Include="BalancedBinarySearchTrees.cpp">
      <Filter>Kaynak Dosyalar\Comprehensive-2</Filter>
    </ClCompile>
    <ClCompile Include="PriorityQueues.cpp">
      <Filter>Kaynak Dosyalar\Comprehensive-2</Filter>
    </ClCompile>
    <ClCompile Include="Tries.cpp">
      <Filter>Kaynak Dosyalar\Comprehensive-2</Filter>
    </ClCompile>
    <ClCompile Include="BTrees.cpp">
      <Filter>Kaynak Dosyalar\Comprehensive-2</Filter>
    </ClCompile>
    <ClCompile Include="BplusTrees.cpp">
      <Filter>Kaynak Dosyalar\Comprehensive-2</Filter>
    </ClCompile>
    <ClCompile Include="LinkedLists2.cpp">
      <Filter>Kaynak Dosyalar\Comprehensive-1</Filter>
    </ClCompile>
    <ClCompile Include="LinkedLists3.cpp">
      <Filter>Kaynak Dosyalar\Comprehensive-1</Filter>
    </ClCompile>
    <ClCompile Include="constructorsAndInheritanceCopyConstructor.cpp">
      <Filter>Kaynak Dosyalar\Inheritance</Filter>
    </ClCompile>
    <ClCompile Include="functionOverloadingExtended1.cpp">
      <Filter>Kaynak Dosyalar\Polymorphism</Filter>
    </ClCompile>
    <ClCompile Include="staticWithoutVirtualKeyword.cpp">
      <Filter>Kaynak Dosyalar\Polymorphism</Filter>
    </ClCompile>
    <ClCompile Include="dynamicWithVirtualKeyword.cpp">
      <Filter>Kaynak Dosyalar\Polymorphism</Filter>
    </ClCompile>
    <ClCompile Include="overrideKeyword.cpp">
      <Filter>Kaynak Dosyalar\Polymorphism</Filter>
    </ClCompile>
    <ClCompile Include="finalKeyword.cpp">
      <Filter>Kaynak Dosyalar\Polymorphism</Filter>
    </ClCompile>
    <ClCompile Include="dynamicWithVirtualKeywordReference.cpp">
      <Filter>Kaynak Dosyalar\Polymorphism</Filter>
    </ClCompile>
    <ClCompile Include="Abstraction.cpp">
      <Filter>Kaynak Dosyalar\Polymorphism</Filter>
    </ClCompile>
    <ClCompile Include="InterfaceProblem.cpp">
      <Filter>Kaynak Dosyalar\Polymorphism</Filter>
    </ClCompile>
    <ClCompile Include="InterfaceSolution.cpp">
      <Filter>Kaynak Dosyalar\Polymorphism</Filter>
    </ClCompile>
    <ClCompile Include="graphsAdjacencyList.cpp">
      <Filter>Kaynak Dosyalar\Comprehensive-3</Filter>
    </ClCompile>
    <ClCompile Include="graphsAdjacencyMatrix.cpp">
      <Filter>Kaynak Dosyalar\Comprehensive-3</Filter>
    </ClCompile>
    <ClCompile Include="breadthFirstSearch.cpp">
      <Filter>Kaynak Dosyalar\Comprehensive-3</Filter>
    </ClCompile>
    <ClCompile Include="depthFirstSearch.cpp">
      <Filter>Kaynak Dosyalar\Comprehensive-3</Filter>
    </ClCompile>
    <ClCompile Include="topologicalSort.cpp">
      <Filter>Kaynak Dosyalar\Comprehensive-3</Filter>
    </ClCompile>
    <ClCompile Include="stronglyConnectedComponent.cpp">
      <Filter>Kaynak Dosyalar\Comprehensive-3</Filter>
    </ClCompile>
    <ClCompile Include="primsAlgorithm.cpp">
      <Filter>Kaynak Dosyalar\Comprehensive-3</Filter>
    </ClCompile>
    <ClCompile Include="kruskallsAlgorithm.cpp">
      <Filter>Kaynak Dosyalar\Comprehensive-3</Filter>
    </ClCompile>
    <ClCompile Include="dijkstrasAlgorithm.cpp">
      <Filter>Kaynak Dosyalar\Comprehensive-3</Filter>
    </ClCompile>
    <ClCompile Include="bellmanFordAlgorithm.cpp">
      <Filter>Kaynak Dosyalar\Comprehensive-3</Filter>
    </ClCompile>
    <ClCompile Include="floydWarshallAlgorithm.cpp">
      <Filter>Kaynak Dosyalar\Comprehensive-3</Filter>
    </ClCompile>
    <ClCompile Include="basicHash.cpp">
      <Filter>Kaynak Dosyalar\Comprehensive-4</Filter>
    </ClCompile>
    <ClCompile Include="linearProbing.cpp">
      <Filter>Kaynak Dosyalar\Comprehensive-4</Filter>
    </ClCompile>
    <ClCompile Include="quadraticProbing.cpp">
      <Filter>Kaynak Dosyalar\Comprehensive-4</Filter>
    </ClCompile>
    <ClCompile Include="doubleHashing.cpp">
      <Filter>Kaynak Dosyalar\Comprehensive-4</Filter>
    </ClCompile>
  </ItemGroup>
</Project>